// !$*UTF8*$!
{
	archiveVersion = 1;
	classes = {
	};
	objectVersion = 55;
	objects = {

/* Begin PBXBuildFile section */
		092051CA2760FA0B0019E1C3 /* final_project_JI2175App.swift in Sources */ = {isa = PBXBuildFile; fileRef = 092051C92760FA0B0019E1C3 /* final_project_JI2175App.swift */; };
		092051CC2760FA0B0019E1C3 /* ContentView.swift in Sources */ = {isa = PBXBuildFile; fileRef = 092051CB2760FA0B0019E1C3 /* ContentView.swift */; };
		092051CE2760FA0D0019E1C3 /* Assets.xcassets in Resources */ = {isa = PBXBuildFile; fileRef = 092051CD2760FA0D0019E1C3 /* Assets.xcassets */; };
		092051D12760FA0D0019E1C3 /* Preview Assets.xcassets in Resources */ = {isa = PBXBuildFile; fileRef = 092051D02760FA0D0019E1C3 /* Preview Assets.xcassets */; };
		092051DC2760FA4D0019E1C3 /* Entity.swift in Sources */ = {isa = PBXBuildFile; fileRef = 092051DB2760FA4D0019E1C3 /* Entity.swift */; };
		092051DE2760FA930019E1C3 /* EntityType.swift in Sources */ = {isa = PBXBuildFile; fileRef = 092051DD2760FA930019E1C3 /* EntityType.swift */; };
		092051E02760FC5A0019E1C3 /* Monster.swift in Sources */ = {isa = PBXBuildFile; fileRef = 092051DF2760FC5A0019E1C3 /* Monster.swift */; };
		092051E6276100F40019E1C3 /* Location.swift in Sources */ = {isa = PBXBuildFile; fileRef = 092051E5276100F40019E1C3 /* Location.swift */; };
		092051E8276106D90019E1C3 /* Item.swift in Sources */ = {isa = PBXBuildFile; fileRef = 092051E7276106D90019E1C3 /* Item.swift */; };
		092051EA2761078A0019E1C3 /* Weapon.swift in Sources */ = {isa = PBXBuildFile; fileRef = 092051E92761078A0019E1C3 /* Weapon.swift */; };
		092051ED276107C00019E1C3 /* WeaponType.swift in Sources */ = {isa = PBXBuildFile; fileRef = 092051EC276107C00019E1C3 /* WeaponType.swift */; };
		092051EF276107D30019E1C3 /* MonsterSize.swift in Sources */ = {isa = PBXBuildFile; fileRef = 092051EE276107D30019E1C3 /* MonsterSize.swift */; };
		092051F1276107F50019E1C3 /* MonsterType.swift in Sources */ = {isa = PBXBuildFile; fileRef = 092051F0276107F50019E1C3 /* MonsterType.swift */; };
		092051F327610C050019E1C3 /* WeaponAttribute.swift in Sources */ = {isa = PBXBuildFile; fileRef = 092051F227610C050019E1C3 /* WeaponAttribute.swift */; };
		092051F8276111210019E1C3 /* ArmorPiece.swift in Sources */ = {isa = PBXBuildFile; fileRef = 092051F7276111210019E1C3 /* ArmorPiece.swift */; };
		092051FA2761112E0019E1C3 /* ArmorSet.swift in Sources */ = {isa = PBXBuildFile; fileRef = 092051F92761112E0019E1C3 /* ArmorSet.swift */; };
		092051FC2761115F0019E1C3 /* ArmorPieceType.swift in Sources */ = {isa = PBXBuildFile; fileRef = 092051FB2761115F0019E1C3 /* ArmorPieceType.swift */; };
		092051FE276113200019E1C3 /* Skill.swift in Sources */ = {isa = PBXBuildFile; fileRef = 092051FD276113200019E1C3 /* Skill.swift */; };
		092052002761241C0019E1C3 /* Quest.swift in Sources */ = {isa = PBXBuildFile; fileRef = 092051FF2761241C0019E1C3 /* Quest.swift */; };
		09205202276125810019E1C3 /* Decoration.swift in Sources */ = {isa = PBXBuildFile; fileRef = 09205201276125810019E1C3 /* Decoration.swift */; };
		092052042761615F0019E1C3 /* Material.swift in Sources */ = {isa = PBXBuildFile; fileRef = 092052032761615F0019E1C3 /* Material.swift */; };
		09205206276161F00019E1C3 /* SkillPoint.swift in Sources */ = {isa = PBXBuildFile; fileRef = 09205205276161F00019E1C3 /* SkillPoint.swift */; };
		092EE7DD27655950001CF3DF /* SkillEffect.swift in Sources */ = {isa = PBXBuildFile; fileRef = 092EE7DC27655950001CF3DF /* SkillEffect.swift */; };
		092EE7DF276559DD001CF3DF /* SkillsViewModel.swift in Sources */ = {isa = PBXBuildFile; fileRef = 092EE7DE276559DD001CF3DF /* SkillsViewModel.swift */; };
		092EE7E2276560ED001CF3DF /* SkillListView.swift in Sources */ = {isa = PBXBuildFile; fileRef = 092EE7E1276560ED001CF3DF /* SkillListView.swift */; };
		092EE7E4276561A0001CF3DF /* SkillRowView.swift in Sources */ = {isa = PBXBuildFile; fileRef = 092EE7E3276561A0001CF3DF /* SkillRowView.swift */; };
		092EE7E6276561D6001CF3DF /* SkillDetailView.swift in Sources */ = {isa = PBXBuildFile; fileRef = 092EE7E5276561D6001CF3DF /* SkillDetailView.swift */; };
		092EE7E827656F09001CF3DF /* SectionTitleView.swift in Sources */ = {isa = PBXBuildFile; fileRef = 092EE7E727656F09001CF3DF /* SectionTitleView.swift */; };
		0962970B2762275A00123630 /* MonsterListView.swift in Sources */ = {isa = PBXBuildFile; fileRef = 0962970A2762275A00123630 /* MonsterListView.swift */; };
		0962970D276229CA00123630 /* MonsterRowView.swift in Sources */ = {isa = PBXBuildFile; fileRef = 0962970C276229CA00123630 /* MonsterRowView.swift */; };
		0962971027622AC100123630 /* Kingfisher in Frameworks */ = {isa = PBXBuildFile; productRef = 0962970F27622AC100123630 /* Kingfisher */; };
		09629712276239A000123630 /* MonsterDetailView.swift in Sources */ = {isa = PBXBuildFile; fileRef = 09629711276239A000123630 /* MonsterDetailView.swift */; };
		09DD89CF2763ACB100B08AA4 /* MonstersViewModel.swift in Sources */ = {isa = PBXBuildFile; fileRef = 09DD89CE2763ACB100B08AA4 /* MonstersViewModel.swift */; };
		09DD89D12763C14800B08AA4 /* LocationsViewModel.swift in Sources */ = {isa = PBXBuildFile; fileRef = 09DD89D02763C14800B08AA4 /* LocationsViewModel.swift */; };
		09DD89DB2763CBFC00B08AA4 /* LocationListView.swift in Sources */ = {isa = PBXBuildFile; fileRef = 09DD89DA2763CBFC00B08AA4 /* LocationListView.swift */; };
		09DD89DD2763CC0900B08AA4 /* LocationRowView.swift in Sources */ = {isa = PBXBuildFile; fileRef = 09DD89DC2763CC0900B08AA4 /* LocationRowView.swift */; };
		09DD89DF2763CC1600B08AA4 /* LocationDetailView.swift in Sources */ = {isa = PBXBuildFile; fileRef = 09DD89DE2763CC1600B08AA4 /* LocationDetailView.swift */; };
		09DD89EF27643A6C00B08AA4 /* MenuViewModel.swift in Sources */ = {isa = PBXBuildFile; fileRef = 09DD89EE27643A6C00B08AA4 /* MenuViewModel.swift */; };
		7311B1392766769800E12A96 /* TitleNavBarItems.swift in Sources */ = {isa = PBXBuildFile; fileRef = 7311B1382766769800E12A96 /* TitleNavBarItems.swift */; };
		7311B13D2766859300E12A96 /* ArmorProvider.swift in Sources */ = {isa = PBXBuildFile; fileRef = 7311B13C2766859300E12A96 /* ArmorProvider.swift */; };
		7311B13F2766878100E12A96 /* SkillProvider.swift in Sources */ = {isa = PBXBuildFile; fileRef = 7311B13E2766878100E12A96 /* SkillProvider.swift */; };
		7311B1412766895E00E12A96 /* ArmorSetView.swift in Sources */ = {isa = PBXBuildFile; fileRef = 7311B1402766895E00E12A96 /* ArmorSetView.swift */; };
		7311B1432766899300E12A96 /* ArmorPieceView.swift in Sources */ = {isa = PBXBuildFile; fileRef = 7311B1422766899300E12A96 /* ArmorPieceView.swift */; };
		7311B145276693D900E12A96 /* SlotNumberView.swift in Sources */ = {isa = PBXBuildFile; fileRef = 7311B144276693D900E12A96 /* SlotNumberView.swift */; };
		7311B1472766DC6700E12A96 /* ResistanceRowView.swift in Sources */ = {isa = PBXBuildFile; fileRef = 7311B1462766DC6700E12A96 /* ResistanceRowView.swift */; };
		734EA28C276571CF00778CC6 /* PagerTabStripView in Frameworks */ = {isa = PBXBuildFile; productRef = 734EA28B276571CF00778CC6 /* PagerTabStripView */; };
		734EA28F27657D0700778CC6 /* Skills.json in Resources */ = {isa = PBXBuildFile; fileRef = 734EA28E27657D0700778CC6 /* Skills.json */; };
		734EA29127657D5600778CC6 /* Monsters.json in Resources */ = {isa = PBXBuildFile; fileRef = 734EA29027657D5600778CC6 /* Monsters.json */; };
		734EA29327657ECA00778CC6 /* Locations.json in Resources */ = {isa = PBXBuildFile; fileRef = 734EA29227657ECA00778CC6 /* Locations.json */; };
		734EA29727658F5100778CC6 /* BlademasterArmorsViewModel.swift in Sources */ = {isa = PBXBuildFile; fileRef = 734EA29627658F5100778CC6 /* BlademasterArmorsViewModel.swift */; };
		734EA29A2765962F00778CC6 /* ArmorDetailView.swift in Sources */ = {isa = PBXBuildFile; fileRef = 734EA2992765962F00778CC6 /* ArmorDetailView.swift */; };
		734EA29C2765A06F00778CC6 /* ArmorListView.swift in Sources */ = {isa = PBXBuildFile; fileRef = 734EA29B2765A06F00778CC6 /* ArmorListView.swift */; };
		734EA29E2765A14300778CC6 /* ArmorRowView.swift in Sources */ = {isa = PBXBuildFile; fileRef = 734EA29D2765A14300778CC6 /* ArmorRowView.swift */; };
		7390CA9B2767553D005B7B74 /* GunnerArmorsViewModel.swift in Sources */ = {isa = PBXBuildFile; fileRef = 7390CA9A2767553D005B7B74 /* GunnerArmorsViewModel.swift */; };
		7390CA9D276759B0005B7B74 /* ArmorResistance.swift in Sources */ = {isa = PBXBuildFile; fileRef = 7390CA9C276759B0005B7B74 /* ArmorResistance.swift */; };
		73D4230C276769C100E98A29 /* MinimizedSkillPointRowView.swift in Sources */ = {isa = PBXBuildFile; fileRef = 73D4230B276769C100E98A29 /* MinimizedSkillPointRowView.swift */; };
		73D4230E27676B6700E98A29 /* SkillPointRowView.swift in Sources */ = {isa = PBXBuildFile; fileRef = 73D4230D27676B6700E98A29 /* SkillPointRowView.swift */; };
		73D4231127678C2800E98A29 /* ViewExtensions.swift in Sources */ = {isa = PBXBuildFile; fileRef = 73D4231027678C2800E98A29 /* ViewExtensions.swift */; };
		73D4231327678C5100E98A29 /* ViewVisibility.swift in Sources */ = {isa = PBXBuildFile; fileRef = 73D4231227678C5100E98A29 /* ViewVisibility.swift */; };
		73D4231F2767B33700E98A29 /* SideMenu.swift in Sources */ = {isa = PBXBuildFile; fileRef = 73D4231E2767B33700E98A29 /* SideMenu.swift */; };
		73D423232767B38D00E98A29 /* MenuContent.swift in Sources */ = {isa = PBXBuildFile; fileRef = 73D423222767B38D00E98A29 /* MenuContent.swift */; };
		73D423272767CAAA00E98A29 /* OOBView.swift in Sources */ = {isa = PBXBuildFile; fileRef = 73D423262767CAAA00E98A29 /* OOBView.swift */; };
		73D4232B2767D29200E98A29 /* EntityViewModel.swift in Sources */ = {isa = PBXBuildFile; fileRef = 73D4232A2767D29200E98A29 /* EntityViewModel.swift */; };
		82E852D92B0D27FCD0791DAF /* Pods_final_project_JI2175.framework in Frameworks */ = {isa = PBXBuildFile; fileRef = 1BF391B3F5EA6890BC7BCC84 /* Pods_final_project_JI2175.framework */; };
/* End PBXBuildFile section */

/* Begin PBXFileReference section */
		092051C62760FA0B0019E1C3 /* final_project-JI2175.app */ = {isa = PBXFileReference; explicitFileType = wrapper.application; includeInIndex = 0; path = "final_project-JI2175.app"; sourceTree = BUILT_PRODUCTS_DIR; };
		092051C92760FA0B0019E1C3 /* final_project_JI2175App.swift */ = {isa = PBXFileReference; lastKnownFileType = sourcecode.swift; path = final_project_JI2175App.swift; sourceTree = "<group>"; };
		092051CB2760FA0B0019E1C3 /* ContentView.swift */ = {isa = PBXFileReference; lastKnownFileType = sourcecode.swift; path = ContentView.swift; sourceTree = "<group>"; };
		092051CD2760FA0D0019E1C3 /* Assets.xcassets */ = {isa = PBXFileReference; lastKnownFileType = folder.assetcatalog; path = Assets.xcassets; sourceTree = "<group>"; };
		092051D02760FA0D0019E1C3 /* Preview Assets.xcassets */ = {isa = PBXFileReference; lastKnownFileType = folder.assetcatalog; path = "Preview Assets.xcassets"; sourceTree = "<group>"; };
		092051D22760FA0D0019E1C3 /* Info.plist */ = {isa = PBXFileReference; lastKnownFileType = text.plist.xml; path = Info.plist; sourceTree = "<group>"; };
		092051DB2760FA4D0019E1C3 /* Entity.swift */ = {isa = PBXFileReference; lastKnownFileType = sourcecode.swift; path = Entity.swift; sourceTree = "<group>"; };
		092051DD2760FA930019E1C3 /* EntityType.swift */ = {isa = PBXFileReference; lastKnownFileType = sourcecode.swift; path = EntityType.swift; sourceTree = "<group>"; };
		092051DF2760FC5A0019E1C3 /* Monster.swift */ = {isa = PBXFileReference; lastKnownFileType = sourcecode.swift; path = Monster.swift; sourceTree = "<group>"; };
		092051E5276100F40019E1C3 /* Location.swift */ = {isa = PBXFileReference; lastKnownFileType = sourcecode.swift; path = Location.swift; sourceTree = "<group>"; };
		092051E7276106D90019E1C3 /* Item.swift */ = {isa = PBXFileReference; lastKnownFileType = sourcecode.swift; path = Item.swift; sourceTree = "<group>"; };
		092051E92761078A0019E1C3 /* Weapon.swift */ = {isa = PBXFileReference; lastKnownFileType = sourcecode.swift; path = Weapon.swift; sourceTree = "<group>"; };
		092051EC276107C00019E1C3 /* WeaponType.swift */ = {isa = PBXFileReference; lastKnownFileType = sourcecode.swift; path = WeaponType.swift; sourceTree = "<group>"; };
		092051EE276107D30019E1C3 /* MonsterSize.swift */ = {isa = PBXFileReference; lastKnownFileType = sourcecode.swift; path = MonsterSize.swift; sourceTree = "<group>"; };
		092051F0276107F50019E1C3 /* MonsterType.swift */ = {isa = PBXFileReference; lastKnownFileType = sourcecode.swift; path = MonsterType.swift; sourceTree = "<group>"; };
		092051F227610C050019E1C3 /* WeaponAttribute.swift */ = {isa = PBXFileReference; lastKnownFileType = sourcecode.swift; path = WeaponAttribute.swift; sourceTree = "<group>"; };
		092051F7276111210019E1C3 /* ArmorPiece.swift */ = {isa = PBXFileReference; lastKnownFileType = sourcecode.swift; path = ArmorPiece.swift; sourceTree = "<group>"; };
		092051F92761112E0019E1C3 /* ArmorSet.swift */ = {isa = PBXFileReference; lastKnownFileType = sourcecode.swift; path = ArmorSet.swift; sourceTree = "<group>"; };
		092051FB2761115F0019E1C3 /* ArmorPieceType.swift */ = {isa = PBXFileReference; lastKnownFileType = sourcecode.swift; path = ArmorPieceType.swift; sourceTree = "<group>"; };
		092051FD276113200019E1C3 /* Skill.swift */ = {isa = PBXFileReference; lastKnownFileType = sourcecode.swift; path = Skill.swift; sourceTree = "<group>"; };
		092051FF2761241C0019E1C3 /* Quest.swift */ = {isa = PBXFileReference; lastKnownFileType = sourcecode.swift; path = Quest.swift; sourceTree = "<group>"; };
		09205201276125810019E1C3 /* Decoration.swift */ = {isa = PBXFileReference; lastKnownFileType = sourcecode.swift; path = Decoration.swift; sourceTree = "<group>"; };
		092052032761615F0019E1C3 /* Material.swift */ = {isa = PBXFileReference; lastKnownFileType = sourcecode.swift; path = Material.swift; sourceTree = "<group>"; };
		09205205276161F00019E1C3 /* SkillPoint.swift */ = {isa = PBXFileReference; lastKnownFileType = sourcecode.swift; path = SkillPoint.swift; sourceTree = "<group>"; };
		092EE7DC27655950001CF3DF /* SkillEffect.swift */ = {isa = PBXFileReference; lastKnownFileType = sourcecode.swift; path = SkillEffect.swift; sourceTree = "<group>"; };
		092EE7DE276559DD001CF3DF /* SkillsViewModel.swift */ = {isa = PBXFileReference; lastKnownFileType = sourcecode.swift; path = SkillsViewModel.swift; sourceTree = "<group>"; };
		092EE7E1276560ED001CF3DF /* SkillListView.swift */ = {isa = PBXFileReference; lastKnownFileType = sourcecode.swift; path = SkillListView.swift; sourceTree = "<group>"; };
		092EE7E3276561A0001CF3DF /* SkillRowView.swift */ = {isa = PBXFileReference; lastKnownFileType = sourcecode.swift; path = SkillRowView.swift; sourceTree = "<group>"; };
		092EE7E5276561D6001CF3DF /* SkillDetailView.swift */ = {isa = PBXFileReference; lastKnownFileType = sourcecode.swift; path = SkillDetailView.swift; sourceTree = "<group>"; };
		092EE7E727656F09001CF3DF /* SectionTitleView.swift */ = {isa = PBXFileReference; lastKnownFileType = sourcecode.swift; path = SectionTitleView.swift; sourceTree = "<group>"; };
		0962970A2762275A00123630 /* MonsterListView.swift */ = {isa = PBXFileReference; lastKnownFileType = sourcecode.swift; path = MonsterListView.swift; sourceTree = "<group>"; };
		0962970C276229CA00123630 /* MonsterRowView.swift */ = {isa = PBXFileReference; lastKnownFileType = sourcecode.swift; path = MonsterRowView.swift; sourceTree = "<group>"; };
		09629711276239A000123630 /* MonsterDetailView.swift */ = {isa = PBXFileReference; lastKnownFileType = sourcecode.swift; path = MonsterDetailView.swift; sourceTree = "<group>"; };
		09DD89CE2763ACB100B08AA4 /* MonstersViewModel.swift */ = {isa = PBXFileReference; lastKnownFileType = sourcecode.swift; path = MonstersViewModel.swift; sourceTree = "<group>"; };
		09DD89D02763C14800B08AA4 /* LocationsViewModel.swift */ = {isa = PBXFileReference; lastKnownFileType = sourcecode.swift; path = LocationsViewModel.swift; sourceTree = "<group>"; };
		09DD89DA2763CBFC00B08AA4 /* LocationListView.swift */ = {isa = PBXFileReference; lastKnownFileType = sourcecode.swift; path = LocationListView.swift; sourceTree = "<group>"; };
		09DD89DC2763CC0900B08AA4 /* LocationRowView.swift */ = {isa = PBXFileReference; lastKnownFileType = sourcecode.swift; path = LocationRowView.swift; sourceTree = "<group>"; };
		09DD89DE2763CC1600B08AA4 /* LocationDetailView.swift */ = {isa = PBXFileReference; lastKnownFileType = sourcecode.swift; path = LocationDetailView.swift; sourceTree = "<group>"; };
		09DD89EE27643A6C00B08AA4 /* MenuViewModel.swift */ = {isa = PBXFileReference; lastKnownFileType = sourcecode.swift; path = MenuViewModel.swift; sourceTree = "<group>"; };
		1BF391B3F5EA6890BC7BCC84 /* Pods_final_project_JI2175.framework */ = {isa = PBXFileReference; explicitFileType = wrapper.framework; includeInIndex = 0; path = Pods_final_project_JI2175.framework; sourceTree = BUILT_PRODUCTS_DIR; };
		336288D225A63AFEF4D5EE9F /* Pods-final_project-JI2175.release.xcconfig */ = {isa = PBXFileReference; includeInIndex = 1; lastKnownFileType = text.xcconfig; name = "Pods-final_project-JI2175.release.xcconfig"; path = "Target Support Files/Pods-final_project-JI2175/Pods-final_project-JI2175.release.xcconfig"; sourceTree = "<group>"; };
		7311B1382766769800E12A96 /* TitleNavBarItems.swift */ = {isa = PBXFileReference; lastKnownFileType = sourcecode.swift; path = TitleNavBarItems.swift; sourceTree = "<group>"; };
		7311B13C2766859300E12A96 /* ArmorProvider.swift */ = {isa = PBXFileReference; lastKnownFileType = sourcecode.swift; path = ArmorProvider.swift; sourceTree = "<group>"; };
		7311B13E2766878100E12A96 /* SkillProvider.swift */ = {isa = PBXFileReference; lastKnownFileType = sourcecode.swift; path = SkillProvider.swift; sourceTree = "<group>"; };
		7311B1402766895E00E12A96 /* ArmorSetView.swift */ = {isa = PBXFileReference; lastKnownFileType = sourcecode.swift; path = ArmorSetView.swift; sourceTree = "<group>"; };
		7311B1422766899300E12A96 /* ArmorPieceView.swift */ = {isa = PBXFileReference; lastKnownFileType = sourcecode.swift; path = ArmorPieceView.swift; sourceTree = "<group>"; };
		7311B144276693D900E12A96 /* SlotNumberView.swift */ = {isa = PBXFileReference; lastKnownFileType = sourcecode.swift; path = SlotNumberView.swift; sourceTree = "<group>"; };
		7311B1462766DC6700E12A96 /* ResistanceRowView.swift */ = {isa = PBXFileReference; lastKnownFileType = sourcecode.swift; path = ResistanceRowView.swift; sourceTree = "<group>"; };
		734EA28E27657D0700778CC6 /* Skills.json */ = {isa = PBXFileReference; lastKnownFileType = text.json; path = Skills.json; sourceTree = "<group>"; };
		734EA29027657D5600778CC6 /* Monsters.json */ = {isa = PBXFileReference; lastKnownFileType = text.json; path = Monsters.json; sourceTree = "<group>"; };
		734EA29227657ECA00778CC6 /* Locations.json */ = {isa = PBXFileReference; lastKnownFileType = text.json; path = Locations.json; sourceTree = "<group>"; };
		734EA29627658F5100778CC6 /* BlademasterArmorsViewModel.swift */ = {isa = PBXFileReference; lastKnownFileType = sourcecode.swift; path = BlademasterArmorsViewModel.swift; sourceTree = "<group>"; };
		734EA2992765962F00778CC6 /* ArmorDetailView.swift */ = {isa = PBXFileReference; lastKnownFileType = sourcecode.swift; path = ArmorDetailView.swift; sourceTree = "<group>"; };
		734EA29B2765A06F00778CC6 /* ArmorListView.swift */ = {isa = PBXFileReference; lastKnownFileType = sourcecode.swift; path = ArmorListView.swift; sourceTree = "<group>"; };
		734EA29D2765A14300778CC6 /* ArmorRowView.swift */ = {isa = PBXFileReference; lastKnownFileType = sourcecode.swift; path = ArmorRowView.swift; sourceTree = "<group>"; };
		7390CA9A2767553D005B7B74 /* GunnerArmorsViewModel.swift */ = {isa = PBXFileReference; lastKnownFileType = sourcecode.swift; path = GunnerArmorsViewModel.swift; sourceTree = "<group>"; };
		7390CA9C276759B0005B7B74 /* ArmorResistance.swift */ = {isa = PBXFileReference; lastKnownFileType = sourcecode.swift; path = ArmorResistance.swift; sourceTree = "<group>"; };
		73D4230B276769C100E98A29 /* MinimizedSkillPointRowView.swift */ = {isa = PBXFileReference; lastKnownFileType = sourcecode.swift; path = MinimizedSkillPointRowView.swift; sourceTree = "<group>"; };
		73D4230D27676B6700E98A29 /* SkillPointRowView.swift */ = {isa = PBXFileReference; lastKnownFileType = sourcecode.swift; path = SkillPointRowView.swift; sourceTree = "<group>"; };
		73D4231027678C2800E98A29 /* ViewExtensions.swift */ = {isa = PBXFileReference; lastKnownFileType = sourcecode.swift; path = ViewExtensions.swift; sourceTree = "<group>"; };
		73D4231227678C5100E98A29 /* ViewVisibility.swift */ = {isa = PBXFileReference; lastKnownFileType = sourcecode.swift; path = ViewVisibility.swift; sourceTree = "<group>"; };
		73D4231E2767B33700E98A29 /* SideMenu.swift */ = {isa = PBXFileReference; lastKnownFileType = sourcecode.swift; path = SideMenu.swift; sourceTree = "<group>"; };
		73D423222767B38D00E98A29 /* MenuContent.swift */ = {isa = PBXFileReference; lastKnownFileType = sourcecode.swift; path = MenuContent.swift; sourceTree = "<group>"; };
		73D423262767CAAA00E98A29 /* OOBView.swift */ = {isa = PBXFileReference; lastKnownFileType = sourcecode.swift; path = OOBView.swift; sourceTree = "<group>"; };
		73D4232A2767D29200E98A29 /* EntityViewModel.swift */ = {isa = PBXFileReference; lastKnownFileType = sourcecode.swift; path = EntityViewModel.swift; sourceTree = "<group>"; };
		74DEA15CF072BF8E2B1B9E99 /* Pods-final_project-JI2175.debug.xcconfig */ = {isa = PBXFileReference; includeInIndex = 1; lastKnownFileType = text.xcconfig; name = "Pods-final_project-JI2175.debug.xcconfig"; path = "Target Support Files/Pods-final_project-JI2175/Pods-final_project-JI2175.debug.xcconfig"; sourceTree = "<group>"; };
/* End PBXFileReference section */

/* Begin PBXFrameworksBuildPhase section */
		092051C32760FA0B0019E1C3 /* Frameworks */ = {
			isa = PBXFrameworksBuildPhase;
			buildActionMask = 2147483647;
			files = (
				734EA28C276571CF00778CC6 /* PagerTabStripView in Frameworks */,
				0962971027622AC100123630 /* Kingfisher in Frameworks */,
				82E852D92B0D27FCD0791DAF /* Pods_final_project_JI2175.framework in Frameworks */,
			);
			runOnlyForDeploymentPostprocessing = 0;
		};
/* End PBXFrameworksBuildPhase section */

/* Begin PBXGroup section */
		092051BD2760FA0B0019E1C3 = {
			isa = PBXGroup;
			children = (
				092051C82760FA0B0019E1C3 /* final_project-JI2175 */,
				092051C72760FA0B0019E1C3 /* Products */,
				734EA28A276571CF00778CC6 /* Frameworks */,
				8EC7621BE790E984E0D47499 /* Pods */,
			);
			sourceTree = "<group>";
		};
		092051C72760FA0B0019E1C3 /* Products */ = {
			isa = PBXGroup;
			children = (
				092051C62760FA0B0019E1C3 /* final_project-JI2175.app */,
			);
			name = Products;
			sourceTree = "<group>";
		};
		092051C82760FA0B0019E1C3 /* final_project-JI2175 */ = {
			isa = PBXGroup;
			children = (
				73D4230F27678C1300E98A29 /* Extensions */,
				7311B13A2766856B00E12A96 /* DataProviders */,
				092051DA2760FA3B0019E1C3 /* Views */,
				092051D92760FA350019E1C3 /* ViewModels */,
				092051D82760FA2D0019E1C3 /* Models */,
				092051C92760FA0B0019E1C3 /* final_project_JI2175App.swift */,
				092051CB2760FA0B0019E1C3 /* ContentView.swift */,
				092051CD2760FA0D0019E1C3 /* Assets.xcassets */,
				092051D22760FA0D0019E1C3 /* Info.plist */,
				092051CF2760FA0D0019E1C3 /* Preview Content */,
			);
			path = "final_project-JI2175";
			sourceTree = "<group>";
		};
		092051CF2760FA0D0019E1C3 /* Preview Content */ = {
			isa = PBXGroup;
			children = (
				092051D02760FA0D0019E1C3 /* Preview Assets.xcassets */,
			);
			path = "Preview Content";
			sourceTree = "<group>";
		};
		092051D82760FA2D0019E1C3 /* Models */ = {
			isa = PBXGroup;
			children = (
				09205209276169790019E1C3 /* Utils */,
				092051EB276107930019E1C3 /* Enums */,
				092051DB2760FA4D0019E1C3 /* Entity.swift */,
				092051DF2760FC5A0019E1C3 /* Monster.swift */,
				092051E5276100F40019E1C3 /* Location.swift */,
				092051E7276106D90019E1C3 /* Item.swift */,
				092051E92761078A0019E1C3 /* Weapon.swift */,
				092051F7276111210019E1C3 /* ArmorPiece.swift */,
				092051F92761112E0019E1C3 /* ArmorSet.swift */,
				092051FD276113200019E1C3 /* Skill.swift */,
				092051FF2761241C0019E1C3 /* Quest.swift */,
				09205201276125810019E1C3 /* Decoration.swift */,
			);
			path = Models;
			sourceTree = "<group>";
		};
		092051D92760FA350019E1C3 /* ViewModels */ = {
			isa = PBXGroup;
			children = (
				09DD89EE27643A6C00B08AA4 /* MenuViewModel.swift */,
				09DD89CE2763ACB100B08AA4 /* MonstersViewModel.swift */,
				09DD89D02763C14800B08AA4 /* LocationsViewModel.swift */,
				092EE7DE276559DD001CF3DF /* SkillsViewModel.swift */,
				734EA29627658F5100778CC6 /* BlademasterArmorsViewModel.swift */,
				7390CA9A2767553D005B7B74 /* GunnerArmorsViewModel.swift */,
				73D4232A2767D29200E98A29 /* EntityViewModel.swift */,
			);
			path = ViewModels;
			sourceTree = "<group>";
		};
		092051DA2760FA3B0019E1C3 /* Views */ = {
			isa = PBXGroup;
			children = (
				734EA2982765961600778CC6 /* Armor */,
				092EE7E0276560DD001CF3DF /* Skill */,
				09DD89E8276426BE00B08AA4 /* Utils */,
				09DD89D72763CB8000B08AA4 /* Location */,
				09DD89D62763CB7000B08AA4 /* Monster */,
				73D423262767CAAA00E98A29 /* OOBView.swift */,
			);
			path = Views;
			sourceTree = "<group>";
		};
		092051EB276107930019E1C3 /* Enums */ = {
			isa = PBXGroup;
			children = (
				092051DD2760FA930019E1C3 /* EntityType.swift */,
				092051EC276107C00019E1C3 /* WeaponType.swift */,
				092051EE276107D30019E1C3 /* MonsterSize.swift */,
				092051F0276107F50019E1C3 /* MonsterType.swift */,
				092051F227610C050019E1C3 /* WeaponAttribute.swift */,
				092051FB2761115F0019E1C3 /* ArmorPieceType.swift */,
				7390CA9C276759B0005B7B74 /* ArmorResistance.swift */,
				73D4231227678C5100E98A29 /* ViewVisibility.swift */,
			);
			path = Enums;
			sourceTree = "<group>";
		};
		09205209276169790019E1C3 /* Utils */ = {
			isa = PBXGroup;
			children = (
				09205205276161F00019E1C3 /* SkillPoint.swift */,
				092052032761615F0019E1C3 /* Material.swift */,
				092EE7DC27655950001CF3DF /* SkillEffect.swift */,
			);
			path = Utils;
			sourceTree = "<group>";
		};
		092EE7E0276560DD001CF3DF /* Skill */ = {
			isa = PBXGroup;
			children = (
				092EE7E1276560ED001CF3DF /* SkillListView.swift */,
				092EE7E3276561A0001CF3DF /* SkillRowView.swift */,
				092EE7E5276561D6001CF3DF /* SkillDetailView.swift */,
			);
			path = Skill;
			sourceTree = "<group>";
		};
		09DD89D62763CB7000B08AA4 /* Monster */ = {
			isa = PBXGroup;
			children = (
				0962970A2762275A00123630 /* MonsterListView.swift */,
				0962970C276229CA00123630 /* MonsterRowView.swift */,
				09629711276239A000123630 /* MonsterDetailView.swift */,
			);
			path = Monster;
			sourceTree = "<group>";
		};
		09DD89D72763CB8000B08AA4 /* Location */ = {
			isa = PBXGroup;
			children = (
				09DD89DA2763CBFC00B08AA4 /* LocationListView.swift */,
				09DD89DC2763CC0900B08AA4 /* LocationRowView.swift */,
				09DD89DE2763CC1600B08AA4 /* LocationDetailView.swift */,
			);
			path = Location;
			sourceTree = "<group>";
		};
		09DD89E8276426BE00B08AA4 /* Utils */ = {
			isa = PBXGroup;
			children = (
				73D423202767B36B00E98A29 /* Menu */,
				092EE7E727656F09001CF3DF /* SectionTitleView.swift */,
				7311B1382766769800E12A96 /* TitleNavBarItems.swift */,
				7311B144276693D900E12A96 /* SlotNumberView.swift */,
				7311B1462766DC6700E12A96 /* ResistanceRowView.swift */,
				73D4230B276769C100E98A29 /* MinimizedSkillPointRowView.swift */,
				73D4230D27676B6700E98A29 /* SkillPointRowView.swift */,
			);
			path = Utils;
			sourceTree = "<group>";
		};
		7311B13A2766856B00E12A96 /* DataProviders */ = {
			isa = PBXGroup;
			children = (
				7311B13B2766857700E12A96 /* JSON */,
				7311B13C2766859300E12A96 /* ArmorProvider.swift */,
				7311B13E2766878100E12A96 /* SkillProvider.swift */,
			);
			path = DataProviders;
			sourceTree = "<group>";
		};
		7311B13B2766857700E12A96 /* JSON */ = {
			isa = PBXGroup;
			children = (
				734EA28E27657D0700778CC6 /* Skills.json */,
				734EA29027657D5600778CC6 /* Monsters.json */,
				734EA29227657ECA00778CC6 /* Locations.json */,
			);
			path = JSON;
			sourceTree = "<group>";
		};
		734EA28A276571CF00778CC6 /* Frameworks */ = {
			isa = PBXGroup;
			children = (
				1BF391B3F5EA6890BC7BCC84 /* Pods_final_project_JI2175.framework */,
			);
			name = Frameworks;
			sourceTree = "<group>";
		};
		734EA2982765961600778CC6 /* Armor */ = {
			isa = PBXGroup;
			children = (
				734EA2992765962F00778CC6 /* ArmorDetailView.swift */,
				734EA29B2765A06F00778CC6 /* ArmorListView.swift */,
				734EA29D2765A14300778CC6 /* ArmorRowView.swift */,
				7311B1402766895E00E12A96 /* ArmorSetView.swift */,
				7311B1422766899300E12A96 /* ArmorPieceView.swift */,
			);
			path = Armor;
			sourceTree = "<group>";
		};
		73D4230F27678C1300E98A29 /* Extensions */ = {
			isa = PBXGroup;
			children = (
				73D4231027678C2800E98A29 /* ViewExtensions.swift */,
			);
			path = Extensions;
			sourceTree = "<group>";
		};
		73D423202767B36B00E98A29 /* Menu */ = {
			isa = PBXGroup;
			children = (
				73D4231E2767B33700E98A29 /* SideMenu.swift */,
				73D423222767B38D00E98A29 /* MenuContent.swift */,
			);
			path = Menu;
			sourceTree = "<group>";
		};
		8EC7621BE790E984E0D47499 /* Pods */ = {
			isa = PBXGroup;
			children = (
				74DEA15CF072BF8E2B1B9E99 /* Pods-final_project-JI2175.debug.xcconfig */,
				336288D225A63AFEF4D5EE9F /* Pods-final_project-JI2175.release.xcconfig */,
			);
			path = Pods;
			sourceTree = "<group>";
		};
/* End PBXGroup section */

/* Begin PBXNativeTarget section */
		092051C52760FA0B0019E1C3 /* final_project-JI2175 */ = {
			isa = PBXNativeTarget;
			buildConfigurationList = 092051D52760FA0D0019E1C3 /* Build configuration list for PBXNativeTarget "final_project-JI2175" */;
			buildPhases = (
				164D51823938F80FC72BB781 /* [CP] Check Pods Manifest.lock */,
				092051C22760FA0B0019E1C3 /* Sources */,
				092051C32760FA0B0019E1C3 /* Frameworks */,
				092051C42760FA0B0019E1C3 /* Resources */,
				F52BA10901806975100D664E /* [CP] Embed Pods Frameworks */,
			);
			buildRules = (
			);
			dependencies = (
			);
			name = "final_project-JI2175";
			packageProductDependencies = (
				0962970F27622AC100123630 /* Kingfisher */,
				734EA28B276571CF00778CC6 /* PagerTabStripView */,
			);
			productName = "final_project-JI2175";
			productReference = 092051C62760FA0B0019E1C3 /* final_project-JI2175.app */;
			productType = "com.apple.product-type.application";
		};
/* End PBXNativeTarget section */

/* Begin PBXProject section */
		092051BE2760FA0B0019E1C3 /* Project object */ = {
			isa = PBXProject;
			attributes = {
				LastSwiftUpdateCheck = 1250;
				LastUpgradeCheck = 1250;
				TargetAttributes = {
					092051C52760FA0B0019E1C3 = {
						CreatedOnToolsVersion = 12.5.1;
					};
				};
			};
			buildConfigurationList = 092051C12760FA0B0019E1C3 /* Build configuration list for PBXProject "final_project-JI2175" */;
			compatibilityVersion = "Xcode 13.0";
			developmentRegion = en;
			hasScannedForEncodings = 0;
			knownRegions = (
				en,
				Base,
			);
			mainGroup = 092051BD2760FA0B0019E1C3;
			packageReferences = (
				0962970E27622AC100123630 /* XCRemoteSwiftPackageReference "Kingfisher" */,
				09F033612764E314004E5397 /* XCRemoteSwiftPackageReference "PagerTabStripView" */,
			);
			productRefGroup = 092051C72760FA0B0019E1C3 /* Products */;
			projectDirPath = "";
			projectRoot = "";
			targets = (
				092051C52760FA0B0019E1C3 /* final_project-JI2175 */,
			);
		};
/* End PBXProject section */

/* Begin PBXResourcesBuildPhase section */
		092051C42760FA0B0019E1C3 /* Resources */ = {
			isa = PBXResourcesBuildPhase;
			buildActionMask = 2147483647;
			files = (
				734EA29127657D5600778CC6 /* Monsters.json in Resources */,
				734EA28F27657D0700778CC6 /* Skills.json in Resources */,
				734EA29327657ECA00778CC6 /* Locations.json in Resources */,
				092051D12760FA0D0019E1C3 /* Preview Assets.xcassets in Resources */,
				092051CE2760FA0D0019E1C3 /* Assets.xcassets in Resources */,
			);
			runOnlyForDeploymentPostprocessing = 0;
		};
/* End PBXResourcesBuildPhase section */

/* Begin PBXShellScriptBuildPhase section */
		164D51823938F80FC72BB781 /* [CP] Check Pods Manifest.lock */ = {
			isa = PBXShellScriptBuildPhase;
			buildActionMask = 2147483647;
			files = (
			);
			inputFileListPaths = (
			);
			inputPaths = (
				"${PODS_PODFILE_DIR_PATH}/Podfile.lock",
				"${PODS_ROOT}/Manifest.lock",
			);
			name = "[CP] Check Pods Manifest.lock";
			outputFileListPaths = (
			);
			outputPaths = (
				"$(DERIVED_FILE_DIR)/Pods-final_project-JI2175-checkManifestLockResult.txt",
			);
			runOnlyForDeploymentPostprocessing = 0;
			shellPath = /bin/sh;
			shellScript = "diff \"${PODS_PODFILE_DIR_PATH}/Podfile.lock\" \"${PODS_ROOT}/Manifest.lock\" > /dev/null\nif [ $? != 0 ] ; then\n    # print error to STDERR\n    echo \"error: The sandbox is not in sync with the Podfile.lock. Run 'pod install' or update your CocoaPods installation.\" >&2\n    exit 1\nfi\n# This output is used by Xcode 'outputs' to avoid re-running this script phase.\necho \"SUCCESS\" > \"${SCRIPT_OUTPUT_FILE_0}\"\n";
			showEnvVarsInLog = 0;
		};
		F52BA10901806975100D664E /* [CP] Embed Pods Frameworks */ = {
			isa = PBXShellScriptBuildPhase;
			buildActionMask = 2147483647;
			files = (
			);
			inputFileListPaths = (
				"${PODS_ROOT}/Target Support Files/Pods-final_project-JI2175/Pods-final_project-JI2175-frameworks-${CONFIGURATION}-input-files.xcfilelist",
			);
			name = "[CP] Embed Pods Frameworks";
			outputFileListPaths = (
				"${PODS_ROOT}/Target Support Files/Pods-final_project-JI2175/Pods-final_project-JI2175-frameworks-${CONFIGURATION}-output-files.xcfilelist",
			);
			runOnlyForDeploymentPostprocessing = 0;
			shellPath = /bin/sh;
			shellScript = "\"${PODS_ROOT}/Target Support Files/Pods-final_project-JI2175/Pods-final_project-JI2175-frameworks.sh\"\n";
			showEnvVarsInLog = 0;
		};
/* End PBXShellScriptBuildPhase section */

/* Begin PBXSourcesBuildPhase section */
		092051C22760FA0B0019E1C3 /* Sources */ = {
			isa = PBXSourcesBuildPhase;
			buildActionMask = 2147483647;
			files = (
				73D4230C276769C100E98A29 /* MinimizedSkillPointRowView.swift in Sources */,
				092052042761615F0019E1C3 /* Material.swift in Sources */,
				73D4230E27676B6700E98A29 /* SkillPointRowView.swift in Sources */,
				092EE7E6276561D6001CF3DF /* SkillDetailView.swift in Sources */,
				092051E02760FC5A0019E1C3 /* Monster.swift in Sources */,
				092051F327610C050019E1C3 /* WeaponAttribute.swift in Sources */,
				092EE7E4276561A0001CF3DF /* SkillRowView.swift in Sources */,
				092EE7E2276560ED001CF3DF /* SkillListView.swift in Sources */,
				7311B13D2766859300E12A96 /* ArmorProvider.swift in Sources */,
				09DD89D12763C14800B08AA4 /* LocationsViewModel.swift in Sources */,
				092051E8276106D90019E1C3 /* Item.swift in Sources */,
				73D423272767CAAA00E98A29 /* OOBView.swift in Sources */,
				7311B13F2766878100E12A96 /* SkillProvider.swift in Sources */,
				73D423232767B38D00E98A29 /* MenuContent.swift in Sources */,
				09DD89CF2763ACB100B08AA4 /* MonstersViewModel.swift in Sources */,
				092051F1276107F50019E1C3 /* MonsterType.swift in Sources */,
				73D4231127678C2800E98A29 /* ViewExtensions.swift in Sources */,
				734EA29727658F5100778CC6 /* BlademasterArmorsViewModel.swift in Sources */,
				092051FE276113200019E1C3 /* Skill.swift in Sources */,
				7311B1432766899300E12A96 /* ArmorPieceView.swift in Sources */,
				7311B1392766769800E12A96 /* TitleNavBarItems.swift in Sources */,
				092051CC2760FA0B0019E1C3 /* ContentView.swift in Sources */,
				73D4232B2767D29200E98A29 /* EntityViewModel.swift in Sources */,
				092051ED276107C00019E1C3 /* WeaponType.swift in Sources */,
				09205202276125810019E1C3 /* Decoration.swift in Sources */,
				09205206276161F00019E1C3 /* SkillPoint.swift in Sources */,
				0962970D276229CA00123630 /* MonsterRowView.swift in Sources */,
				7311B145276693D900E12A96 /* SlotNumberView.swift in Sources */,
				092051E6276100F40019E1C3 /* Location.swift in Sources */,
				092EE7E827656F09001CF3DF /* SectionTitleView.swift in Sources */,
				734EA29C2765A06F00778CC6 /* ArmorListView.swift in Sources */,
				092EE7DF276559DD001CF3DF /* SkillsViewModel.swift in Sources */,
				092051FA2761112E0019E1C3 /* ArmorSet.swift in Sources */,
				7311B1412766895E00E12A96 /* ArmorSetView.swift in Sources */,
				092EE7DD27655950001CF3DF /* SkillEffect.swift in Sources */,
				09DD89DF2763CC1600B08AA4 /* LocationDetailView.swift in Sources */,
				092051FC2761115F0019E1C3 /* ArmorPieceType.swift in Sources */,
				092051CA2760FA0B0019E1C3 /* final_project_JI2175App.swift in Sources */,
				092051EA2761078A0019E1C3 /* Weapon.swift in Sources */,
				092051DE2760FA930019E1C3 /* EntityType.swift in Sources */,
				7311B1472766DC6700E12A96 /* ResistanceRowView.swift in Sources */,
				092051EF276107D30019E1C3 /* MonsterSize.swift in Sources */,
				092051F8276111210019E1C3 /* ArmorPiece.swift in Sources */,
				09DD89DD2763CC0900B08AA4 /* LocationRowView.swift in Sources */,
				092052002761241C0019E1C3 /* Quest.swift in Sources */,
				0962970B2762275A00123630 /* MonsterListView.swift in Sources */,
				7390CA9D276759B0005B7B74 /* ArmorResistance.swift in Sources */,
				734EA29E2765A14300778CC6 /* ArmorRowView.swift in Sources */,
				73D4231F2767B33700E98A29 /* SideMenu.swift in Sources */,
				73D4231327678C5100E98A29 /* ViewVisibility.swift in Sources */,
				09DD89DB2763CBFC00B08AA4 /* LocationListView.swift in Sources */,
				7390CA9B2767553D005B7B74 /* GunnerArmorsViewModel.swift in Sources */,
				09DD89EF27643A6C00B08AA4 /* MenuViewModel.swift in Sources */,
				092051DC2760FA4D0019E1C3 /* Entity.swift in Sources */,
				09629712276239A000123630 /* MonsterDetailView.swift in Sources */,
				734EA29A2765962F00778CC6 /* ArmorDetailView.swift in Sources */,
			);
			runOnlyForDeploymentPostprocessing = 0;
		};
/* End PBXSourcesBuildPhase section */

/* Begin XCBuildConfiguration section */
		092051D32760FA0D0019E1C3 /* Debug */ = {
			isa = XCBuildConfiguration;
			buildSettings = {
				ALWAYS_SEARCH_USER_PATHS = NO;
				CLANG_ANALYZER_NONNULL = YES;
				CLANG_ANALYZER_NUMBER_OBJECT_CONVERSION = YES_AGGRESSIVE;
				CLANG_CXX_LANGUAGE_STANDARD = "gnu++14";
				CLANG_CXX_LIBRARY = "libc++";
				CLANG_ENABLE_MODULES = YES;
				CLANG_ENABLE_OBJC_ARC = YES;
				CLANG_ENABLE_OBJC_WEAK = YES;
				CLANG_WARN_BLOCK_CAPTURE_AUTORELEASING = YES;
				CLANG_WARN_BOOL_CONVERSION = YES;
				CLANG_WARN_COMMA = YES;
				CLANG_WARN_CONSTANT_CONVERSION = YES;
				CLANG_WARN_DEPRECATED_OBJC_IMPLEMENTATIONS = YES;
				CLANG_WARN_DIRECT_OBJC_ISA_USAGE = YES_ERROR;
				CLANG_WARN_DOCUMENTATION_COMMENTS = YES;
				CLANG_WARN_EMPTY_BODY = YES;
				CLANG_WARN_ENUM_CONVERSION = YES;
				CLANG_WARN_INFINITE_RECURSION = YES;
				CLANG_WARN_INT_CONVERSION = YES;
				CLANG_WARN_NON_LITERAL_NULL_CONVERSION = YES;
				CLANG_WARN_OBJC_IMPLICIT_RETAIN_SELF = YES;
				CLANG_WARN_OBJC_LITERAL_CONVERSION = YES;
				CLANG_WARN_OBJC_ROOT_CLASS = YES_ERROR;
				CLANG_WARN_QUOTED_INCLUDE_IN_FRAMEWORK_HEADER = YES;
				CLANG_WARN_RANGE_LOOP_ANALYSIS = YES;
				CLANG_WARN_STRICT_PROTOTYPES = YES;
				CLANG_WARN_SUSPICIOUS_MOVE = YES;
				CLANG_WARN_UNGUARDED_AVAILABILITY = YES_AGGRESSIVE;
				CLANG_WARN_UNREACHABLE_CODE = YES;
				CLANG_WARN__DUPLICATE_METHOD_MATCH = YES;
				COPY_PHASE_STRIP = NO;
				DEBUG_INFORMATION_FORMAT = dwarf;
				ENABLE_STRICT_OBJC_MSGSEND = YES;
				ENABLE_TESTABILITY = YES;
				GCC_C_LANGUAGE_STANDARD = gnu11;
				GCC_DYNAMIC_NO_PIC = NO;
				GCC_NO_COMMON_BLOCKS = YES;
				GCC_OPTIMIZATION_LEVEL = 0;
				GCC_PREPROCESSOR_DEFINITIONS = (
					"DEBUG=1",
					"$(inherited)",
				);
				GCC_WARN_64_TO_32_BIT_CONVERSION = YES;
				GCC_WARN_ABOUT_RETURN_TYPE = YES_ERROR;
				GCC_WARN_UNDECLARED_SELECTOR = YES;
				GCC_WARN_UNINITIALIZED_AUTOS = YES_AGGRESSIVE;
				GCC_WARN_UNUSED_FUNCTION = YES;
				GCC_WARN_UNUSED_VARIABLE = YES;
				IPHONEOS_DEPLOYMENT_TARGET = 14.5;
				MTL_ENABLE_DEBUG_INFO = INCLUDE_SOURCE;
				MTL_FAST_MATH = YES;
				ONLY_ACTIVE_ARCH = YES;
				SDKROOT = iphoneos;
				SWIFT_ACTIVE_COMPILATION_CONDITIONS = DEBUG;
				SWIFT_OPTIMIZATION_LEVEL = "-Onone";
			};
			name = Debug;
		};
		092051D42760FA0D0019E1C3 /* Release */ = {
			isa = XCBuildConfiguration;
			buildSettings = {
				ALWAYS_SEARCH_USER_PATHS = NO;
				CLANG_ANALYZER_NONNULL = YES;
				CLANG_ANALYZER_NUMBER_OBJECT_CONVERSION = YES_AGGRESSIVE;
				CLANG_CXX_LANGUAGE_STANDARD = "gnu++14";
				CLANG_CXX_LIBRARY = "libc++";
				CLANG_ENABLE_MODULES = YES;
				CLANG_ENABLE_OBJC_ARC = YES;
				CLANG_ENABLE_OBJC_WEAK = YES;
				CLANG_WARN_BLOCK_CAPTURE_AUTORELEASING = YES;
				CLANG_WARN_BOOL_CONVERSION = YES;
				CLANG_WARN_COMMA = YES;
				CLANG_WARN_CONSTANT_CONVERSION = YES;
				CLANG_WARN_DEPRECATED_OBJC_IMPLEMENTATIONS = YES;
				CLANG_WARN_DIRECT_OBJC_ISA_USAGE = YES_ERROR;
				CLANG_WARN_DOCUMENTATION_COMMENTS = YES;
				CLANG_WARN_EMPTY_BODY = YES;
				CLANG_WARN_ENUM_CONVERSION = YES;
				CLANG_WARN_INFINITE_RECURSION = YES;
				CLANG_WARN_INT_CONVERSION = YES;
				CLANG_WARN_NON_LITERAL_NULL_CONVERSION = YES;
				CLANG_WARN_OBJC_IMPLICIT_RETAIN_SELF = YES;
				CLANG_WARN_OBJC_LITERAL_CONVERSION = YES;
				CLANG_WARN_OBJC_ROOT_CLASS = YES_ERROR;
				CLANG_WARN_QUOTED_INCLUDE_IN_FRAMEWORK_HEADER = YES;
				CLANG_WARN_RANGE_LOOP_ANALYSIS = YES;
				CLANG_WARN_STRICT_PROTOTYPES = YES;
				CLANG_WARN_SUSPICIOUS_MOVE = YES;
				CLANG_WARN_UNGUARDED_AVAILABILITY = YES_AGGRESSIVE;
				CLANG_WARN_UNREACHABLE_CODE = YES;
				CLANG_WARN__DUPLICATE_METHOD_MATCH = YES;
				COPY_PHASE_STRIP = NO;
				DEBUG_INFORMATION_FORMAT = "dwarf-with-dsym";
				ENABLE_NS_ASSERTIONS = NO;
				ENABLE_STRICT_OBJC_MSGSEND = YES;
				GCC_C_LANGUAGE_STANDARD = gnu11;
				GCC_NO_COMMON_BLOCKS = YES;
				GCC_WARN_64_TO_32_BIT_CONVERSION = YES;
				GCC_WARN_ABOUT_RETURN_TYPE = YES_ERROR;
				GCC_WARN_UNDECLARED_SELECTOR = YES;
				GCC_WARN_UNINITIALIZED_AUTOS = YES_AGGRESSIVE;
				GCC_WARN_UNUSED_FUNCTION = YES;
				GCC_WARN_UNUSED_VARIABLE = YES;
				IPHONEOS_DEPLOYMENT_TARGET = 14.5;
				MTL_ENABLE_DEBUG_INFO = NO;
				MTL_FAST_MATH = YES;
				SDKROOT = iphoneos;
				SWIFT_COMPILATION_MODE = wholemodule;
				SWIFT_OPTIMIZATION_LEVEL = "-O";
				VALIDATE_PRODUCT = YES;
			};
			name = Release;
		};
		092051D62760FA0D0019E1C3 /* Debug */ = {
			isa = XCBuildConfiguration;
			baseConfigurationReference = 74DEA15CF072BF8E2B1B9E99 /* Pods-final_project-JI2175.debug.xcconfig */;
			buildSettings = {
				ASSETCATALOG_COMPILER_APPICON_NAME = AppIcon;
				ASSETCATALOG_COMPILER_GLOBAL_ACCENT_COLOR_NAME = AccentColor;
				CODE_SIGN_STYLE = Automatic;
				DEVELOPMENT_ASSET_PATHS = "\"final_project-JI2175/Preview Content\"";
				ENABLE_PREVIEWS = YES;
				INFOPLIST_FILE = "final_project-JI2175/Info.plist";
				IPHONEOS_DEPLOYMENT_TARGET = 14.0;
				LD_RUNPATH_SEARCH_PATHS = (
					"$(inherited)",
					"@executable_path/Frameworks",
				);
				PRODUCT_BUNDLE_IDENTIFIER = "edu.rit.final-project-JI2175";
				PRODUCT_NAME = "$(TARGET_NAME)";
				SWIFT_VERSION = 5.0;
				TARGETED_DEVICE_FAMILY = "1,2";
			};
			name = Debug;
		};
		092051D72760FA0D0019E1C3 /* Release */ = {
			isa = XCBuildConfiguration;
			baseConfigurationReference = 336288D225A63AFEF4D5EE9F /* Pods-final_project-JI2175.release.xcconfig */;
			buildSettings = {
				ASSETCATALOG_COMPILER_APPICON_NAME = AppIcon;
				ASSETCATALOG_COMPILER_GLOBAL_ACCENT_COLOR_NAME = AccentColor;
				CODE_SIGN_STYLE = Automatic;
				DEVELOPMENT_ASSET_PATHS = "\"final_project-JI2175/Preview Content\"";
				ENABLE_PREVIEWS = YES;
				INFOPLIST_FILE = "final_project-JI2175/Info.plist";
				IPHONEOS_DEPLOYMENT_TARGET = 14.0;
				LD_RUNPATH_SEARCH_PATHS = (
					"$(inherited)",
					"@executable_path/Frameworks",
				);
				PRODUCT_BUNDLE_IDENTIFIER = "edu.rit.final-project-JI2175";
				PRODUCT_NAME = "$(TARGET_NAME)";
				SWIFT_VERSION = 5.0;
				TARGETED_DEVICE_FAMILY = "1,2";
			};
			name = Release;
		};
/* End XCBuildConfiguration section */

/* Begin XCConfigurationList section */
		092051C12760FA0B0019E1C3 /* Build configuration list for PBXProject "final_project-JI2175" */ = {
			isa = XCConfigurationList;
			buildConfigurations = (
				092051D32760FA0D0019E1C3 /* Debug */,
				092051D42760FA0D0019E1C3 /* Release */,
			);
			defaultConfigurationIsVisible = 0;
			defaultConfigurationName = Release;
		};
		092051D52760FA0D0019E1C3 /* Build configuration list for PBXNativeTarget "final_project-JI2175" */ = {
			isa = XCConfigurationList;
			buildConfigurations = (
				092051D62760FA0D0019E1C3 /* Debug */,
				092051D72760FA0D0019E1C3 /* Release */,
			);
			defaultConfigurationIsVisible = 0;
			defaultConfigurationName = Release;
		};
/* End XCConfigurationList section */

/* Begin XCRemoteSwiftPackageReference section */
		0962970E27622AC100123630 /* XCRemoteSwiftPackageReference "Kingfisher" */ = {
			isa = XCRemoteSwiftPackageReference;
			repositoryURL = "https://github.com/onevcat/Kingfisher";
			requirement = {
				kind = upToNextMajorVersion;
				minimumVersion = 7.1.2;
			};
		};
		09F033612764E314004E5397 /* XCRemoteSwiftPackageReference "PagerTabStripView" */ = {
			isa = XCRemoteSwiftPackageReference;
			repositoryURL = "https://github.com/xmartlabs/PagerTabStripView";
			requirement = {
				kind = upToNextMajorVersion;
				minimumVersion = 3.1.0;
			};
		};
/* End XCRemoteSwiftPackageReference section */

/* Begin XCSwiftPackageProductDependency section */
		0962970F27622AC100123630 /* Kingfisher */ = {
			isa = XCSwiftPackageProductDependency;
			package = 0962970E27622AC100123630 /* XCRemoteSwiftPackageReference "Kingfisher" */;
			productName = Kingfisher;
		};
		734EA28B276571CF00778CC6 /* PagerTabStripView */ = {
			isa = XCSwiftPackageProductDependency;
			package = 09F033612764E314004E5397 /* XCRemoteSwiftPackageReference "PagerTabStripView" */;
			productName = PagerTabStripView;
		};
/* End XCSwiftPackageProductDependency section */
	};
	rootObject = 092051BE2760FA0B0019E1C3 /* Project object */;
}
